// !$*UTF8*$!
{
	archiveVersion = 1;
	classes = {
	};
	objectVersion = 46;
	objects = {

/* Begin PBXBuildFile section */
		4D37A77C1A5B089600294894 /* AppDelegate.swift in Sources */ = {isa = PBXBuildFile; fileRef = 4D37A77B1A5B089600294894 /* AppDelegate.swift */; };
		4D37A7811A5B089600294894 /* Main.storyboard in Resources */ = {isa = PBXBuildFile; fileRef = 4D37A77F1A5B089600294894 /* Main.storyboard */; };
		4D37A7831A5B089600294894 /* Images.xcassets in Resources */ = {isa = PBXBuildFile; fileRef = 4D37A7821A5B089600294894 /* Images.xcassets */; };
		4D37A7861A5B089600294894 /* LaunchScreen.xib in Resources */ = {isa = PBXBuildFile; fileRef = 4D37A7841A5B089600294894 /* LaunchScreen.xib */; };
		4D37A79E1A5B095200294894 /* PlaySoundsViewController.swift in Sources */ = {isa = PBXBuildFile; fileRef = 4D37A79B1A5B095200294894 /* PlaySoundsViewController.swift */; };
		4D37A79F1A5B095200294894 /* RecordedAudio.swift in Sources */ = {isa = PBXBuildFile; fileRef = 4D37A79C1A5B095200294894 /* RecordedAudio.swift */; };
		4D37A7A01A5B095200294894 /* RecordSoundsViewController.swift in Sources */ = {isa = PBXBuildFile; fileRef = 4D37A79D1A5B095200294894 /* RecordSoundsViewController.swift */; };
/* End PBXBuildFile section */

/* Begin PBXFileReference section */
		4D37A7761A5B089600294894 /* PickYourPitch.app */ = {isa = PBXFileReference; explicitFileType = wrapper.application; includeInIndex = 0; path = PickYourPitch.app; sourceTree = BUILT_PRODUCTS_DIR; };
		4D37A77A1A5B089600294894 /* Info.plist */ = {isa = PBXFileReference; lastKnownFileType = text.plist.xml; path = Info.plist; sourceTree = "<group>"; };
		4D37A77B1A5B089600294894 /* AppDelegate.swift */ = {isa = PBXFileReference; lastKnownFileType = sourcecode.swift; path = AppDelegate.swift; sourceTree = "<group>"; };
		4D37A7801A5B089600294894 /* Base */ = {isa = PBXFileReference; lastKnownFileType = file.storyboard; name = Base; path = Base.lproj/Main.storyboard; sourceTree = "<group>"; };
		4D37A7821A5B089600294894 /* Images.xcassets */ = {isa = PBXFileReference; lastKnownFileType = folder.assetcatalog; path = Images.xcassets; sourceTree = "<group>"; };
		4D37A7851A5B089600294894 /* Base */ = {isa = PBXFileReference; lastKnownFileType = file.xib; name = Base; path = Base.lproj/LaunchScreen.xib; sourceTree = "<group>"; };
		4D37A79B1A5B095200294894 /* PlaySoundsViewController.swift */ = {isa = PBXFileReference; fileEncoding = 4; lastKnownFileType = sourcecode.swift; path = PlaySoundsViewController.swift; sourceTree = "<group>"; };
		4D37A79C1A5B095200294894 /* RecordedAudio.swift */ = {isa = PBXFileReference; fileEncoding = 4; lastKnownFileType = sourcecode.swift; path = RecordedAudio.swift; sourceTree = "<group>"; };
		4D37A79D1A5B095200294894 /* RecordSoundsViewController.swift */ = {isa = PBXFileReference; fileEncoding = 4; lastKnownFileType = sourcecode.swift; path = RecordSoundsViewController.swift; sourceTree = "<group>"; };
/* End PBXFileReference section */

/* Begin PBXFrameworksBuildPhase section */
		4D37A7731A5B089600294894 /* Frameworks */ = {
			isa = PBXFrameworksBuildPhase;
			buildActionMask = 2147483647;
			files = (
			);
			runOnlyForDeploymentPostprocessing = 0;
		};
/* End PBXFrameworksBuildPhase section */

/* Begin PBXGroup section */
		4D37A76D1A5B089600294894 = {
			isa = PBXGroup;
			children = (
				4D37A7781A5B089600294894 /* PickYourPitch */,
				4D37A7771A5B089600294894 /* Products */,
			);
			sourceTree = "<group>";
		};
		4D37A7771A5B089600294894 /* Products */ = {
			isa = PBXGroup;
			children = (
				4D37A7761A5B089600294894 /* PickYourPitch.app */,
			);
			name = Products;
			sourceTree = "<group>";
		};
		4D37A7781A5B089600294894 /* PickYourPitch */ = {
			isa = PBXGroup;
			children = (
				4D37A77B1A5B089600294894 /* AppDelegate.swift */,
				4D37A79C1A5B095200294894 /* RecordedAudio.swift */,
				4D37A79B1A5B095200294894 /* PlaySoundsViewController.swift */,
				4D37A79D1A5B095200294894 /* RecordSoundsViewController.swift */,
				A9CCAFD21D37C43C00E00DAF /* Assets */,
				4D37A7791A5B089600294894 /* Supporting Files */,
			);
			path = PickYourPitch;
			sourceTree = "<group>";
		};
		4D37A7791A5B089600294894 /* Supporting Files */ = {
			isa = PBXGroup;
			children = (
				4D37A77A1A5B089600294894 /* Info.plist */,
			);
			name = "Supporting Files";
			sourceTree = "<group>";
		};
		A9CCAFD21D37C43C00E00DAF /* Assets */ = {
			isa = PBXGroup;
			children = (
				4D37A77F1A5B089600294894 /* Main.storyboard */,
				4D37A7821A5B089600294894 /* Images.xcassets */,
				4D37A7841A5B089600294894 /* LaunchScreen.xib */,
			);
			name = Assets;
			sourceTree = "<group>";
		};
/* End PBXGroup section */

/* Begin PBXNativeTarget section */
		4D37A7751A5B089600294894 /* PickYourPitch */ = {
			isa = PBXNativeTarget;
			buildConfigurationList = 4D37A7951A5B089600294894 /* Build configuration list for PBXNativeTarget "PickYourPitch" */;
			buildPhases = (
				4D37A7721A5B089600294894 /* Sources */,
				4D37A7731A5B089600294894 /* Frameworks */,
				4D37A7741A5B089600294894 /* Resources */,
			);
			buildRules = (
			);
			dependencies = (
			);
			name = PickYourPitch;
			productName = PickYourPitch;
			productReference = 4D37A7761A5B089600294894 /* PickYourPitch.app */;
			productType = "com.apple.product-type.application";
		};
/* End PBXNativeTarget section */

/* Begin PBXProject section */
		4D37A76E1A5B089600294894 /* Project object */ = {
			isa = PBXProject;
			attributes = {
				LastSwiftUpdateCheck = 0700;
				LastUpgradeCheck = 1020;
				ORGANIZATIONNAME = Udacity;
				TargetAttributes = {
					4D37A7751A5B089600294894 = {
						CreatedOnToolsVersion = 6.1.1;
						LastSwiftMigration = 1020;
					};
				};
			};
			buildConfigurationList = 4D37A7711A5B089600294894 /* Build configuration list for PBXProject "PickYourPitch" */;
			compatibilityVersion = "Xcode 3.2";
			developmentRegion = en;
			hasScannedForEncodings = 0;
			knownRegions = (
				en,
				Base,
			);
			mainGroup = 4D37A76D1A5B089600294894;
			productRefGroup = 4D37A7771A5B089600294894 /* Products */;
			projectDirPath = "";
			projectRoot = "";
			targets = (
				4D37A7751A5B089600294894 /* PickYourPitch */,
			);
		};
/* End PBXProject section */

/* Begin PBXResourcesBuildPhase section */
		4D37A7741A5B089600294894 /* Resources */ = {
			isa = PBXResourcesBuildPhase;
			buildActionMask = 2147483647;
			files = (
				4D37A7811A5B089600294894 /* Main.storyboard in Resources */,
				4D37A7861A5B089600294894 /* LaunchScreen.xib in Resources */,
				4D37A7831A5B089600294894 /* Images.xcassets in Resources */,
			);
			runOnlyForDeploymentPostprocessing = 0;
		};
/* End PBXResourcesBuildPhase section */

/* Begin PBXSourcesBuildPhase section */
		4D37A7721A5B089600294894 /* Sources */ = {
			isa = PBXSourcesBuildPhase;
			buildActionMask = 2147483647;
			files = (
				4D37A79F1A5B095200294894 /* RecordedAudio.swift in Sources */,
				4D37A79E1A5B095200294894 /* PlaySoundsViewController.swift in Sources */,
				4D37A7A01A5B095200294894 /* RecordSoundsViewController.swift in Sources */,
				4D37A77C1A5B089600294894 /* AppDelegate.swift in Sources */,
			);
			runOnlyForDeploymentPostprocessing = 0;
		};
/* End PBXSourcesBuildPhase section */

/* Begin PBXVariantGroup section */
		4D37A77F1A5B089600294894 /* Main.storyboard */ = {
			isa = PBXVariantGroup;
			children = (
				4D37A7801A5B089600294894 /* Base */,
			);
			name = Main.storyboard;
			sourceTree = "<group>";
		};
		4D37A7841A5B089600294894 /* LaunchScreen.xib */ = {
			isa = PBXVariantGroup;
			children = (
				4D37A7851A5B089600294894 /* Base */,
			);
			name = LaunchScreen.xib;
			sourceTree = "<group>";
		};
/* End PBXVariantGroup section */

/* Begin XCBuildConfiguration section */
		4D37A7931A5B089600294894 /* Debug */ = {
			isa = XCBuildConfiguration;
			buildSettings = {
				ALWAYS_SEARCH_USER_PATHS = NO;
				CLANG_ANALYZER_LOCALIZABILITY_NONLOCALIZED = YES;
				CLANG_CXX_LANGUAGE_STANDARD = "gnu++0x";
				CLANG_CXX_LIBRARY = "libc++";
				CLANG_ENABLE_MODULES = YES;
				CLANG_ENABLE_OBJC_ARC = YES;
				CLANG_WARN_BLOCK_CAPTURE_AUTORELEASING = YES;
				CLANG_WARN_BOOL_CONVERSION = YES;
				CLANG_WARN_COMMA = YES;
				CLANG_WARN_CONSTANT_CONVERSION = YES;
				CLANG_WARN_DEPRECATED_OBJC_IMPLEMENTATIONS = YES;
				CLANG_WARN_DIRECT_OBJC_ISA_USAGE = YES_ERROR;
				CLANG_WARN_EMPTY_BODY = YES;
				CLANG_WARN_ENUM_CONVERSION = YES;
				CLANG_WARN_INFINITE_RECURSION = YES;
				CLANG_WARN_INT_CONVERSION = YES;
				CLANG_WARN_NON_LITERAL_NULL_CONVERSION = YES;
				CLANG_WARN_OBJC_IMPLICIT_RETAIN_SELF = YES;
				CLANG_WARN_OBJC_LITERAL_CONVERSION = YES;
				CLANG_WARN_OBJC_ROOT_CLASS = YES_ERROR;
				CLANG_WARN_RANGE_LOOP_ANALYSIS = YES;
				CLANG_WARN_STRICT_PROTOTYPES = YES;
				CLANG_WARN_SUSPICIOUS_MOVE = YES;
				CLANG_WARN_UNREACHABLE_CODE = YES;
				CLANG_WARN__DUPLICATE_METHOD_MATCH = YES;
				"CODE_SIGN_IDENTITY[sdk=iphoneos*]" = "iPhone Developer";
				COPY_PHASE_STRIP = NO;
				ENABLE_STRICT_OBJC_MSGSEND = YES;
				ENABLE_TESTABILITY = YES;
				GCC_C_LANGUAGE_STANDARD = gnu99;
				GCC_DYNAMIC_NO_PIC = NO;
				GCC_NO_COMMON_BLOCKS = YES;
				GCC_OPTIMIZATION_LEVEL = 0;
				GCC_PREPROCESSOR_DEFINITIONS = (
					"DEBUG=1",
					"$(inherited)",
				);
				GCC_SYMBOLS_PRIVATE_EXTERN = NO;
				GCC_WARN_64_TO_32_BIT_CONVERSION = YES;
				GCC_WARN_ABOUT_RETURN_TYPE = YES_ERROR;
				GCC_WARN_UNDECLARED_SELECTOR = YES;
				GCC_WARN_UNINITIALIZED_AUTOS = YES_AGGRESSIVE;
				GCC_WARN_UNUSED_FUNCTION = YES;
				GCC_WARN_UNUSED_VARIABLE = YES;
				IPHONEOS_DEPLOYMENT_TARGET = 8.1;
				MTL_ENABLE_DEBUG_INFO = YES;
				ONLY_ACTIVE_ARCH = YES;
				SDKROOT = iphoneos;
				SWIFT_OPTIMIZATION_LEVEL = "-Onone";
			};
			name = Debug;
		};
		4D37A7941A5B089600294894 /* Release */ = {
			isa = XCBuildConfiguration;
			buildSettings = {
				ALWAYS_SEARCH_USER_PATHS = NO;
				CLANG_ANALYZER_LOCALIZABILITY_NONLOCALIZED = YES;
				CLANG_CXX_LANGUAGE_STANDARD = "gnu++0x";
				CLANG_CXX_LIBRARY = "libc++";
				CLANG_ENABLE_MODULES = YES;
				CLANG_ENABLE_OBJC_ARC = YES;
				CLANG_WARN_BLOCK_CAPTURE_AUTORELEASING = YES;
				CLANG_WARN_BOOL_CONVERSION = YES;
				CLANG_WARN_COMMA = YES;
				CLANG_WARN_CONSTANT_CONVERSION = YES;
				CLANG_WARN_DEPRECATED_OBJC_IMPLEMENTATIONS = YES;
				CLANG_WARN_DIRECT_OBJC_ISA_USAGE = YES_ERROR;
				CLANG_WARN_EMPTY_BODY = YES;
				CLANG_WARN_ENUM_CONVERSION = YES;
				CLANG_WARN_INFINITE_RECURSION = YES;
				CLANG_WARN_INT_CONVERSION = YES;
				CLANG_WARN_NON_LITERAL_NULL_CONVERSION = YES;
				CLANG_WARN_OBJC_IMPLICIT_RETAIN_SELF = YES;
				CLANG_WARN_OBJC_LITERAL_CONVERSION = YES;
				CLANG_WARN_OBJC_ROOT_CLASS = YES_ERROR;
				CLANG_WARN_RANGE_LOOP_ANALYSIS = YES;
				CLANG_WARN_STRICT_PROTOTYPES = YES;
				CLANG_WARN_SUSPICIOUS_MOVE = YES;
				CLANG_WARN_UNREACHABLE_CODE = YES;
				CLANG_WARN__DUPLICATE_METHOD_MATCH = YES;
				"CODE_SIGN_IDENTITY[sdk=iphoneos*]" = "iPhone Developer";
				COPY_PHASE_STRIP = YES;
				ENABLE_NS_ASSERTIONS = NO;
				ENABLE_STRICT_OBJC_MSGSEND = YES;
				GCC_C_LANGUAGE_STANDARD = gnu99;
				GCC_NO_COMMON_BLOCKS = YES;
				GCC_WARN_64_TO_32_BIT_CONVERSION = YES;
				GCC_WARN_ABOUT_RETURN_TYPE = YES_ERROR;
				GCC_WARN_UNDECLARED_SELECTOR = YES;
				GCC_WARN_UNINITIALIZED_AUTOS = YES_AGGRESSIVE;
				GCC_WARN_UNUSED_FUNCTION = YES;
				GCC_WARN_UNUSED_VARIABLE = YES;
				IPHONEOS_DEPLOYMENT_TARGET = 8.1;
				MTL_ENABLE_DEBUG_INFO = NO;
				SDKROOT = iphoneos;
				VALIDATE_PRODUCT = YES;
			};
			name = Release;
		};
		4D37A7961A5B089600294894 /* Debug */ = {
			isa = XCBuildConfiguration;
			buildSettings = {
				ASSETCATALOG_COMPILER_APPICON_NAME = AppIcon;
				INFOPLIST_FILE = PickYourPitch/Info.plist;
				LD_RUNPATH_SEARCH_PATHS = "$(inherited) @executable_path/Frameworks";
				PRODUCT_BUNDLE_IDENTIFIER = "UD.$(PRODUCT_NAME:rfc1034identifier)";
				PRODUCT_NAME = "$(TARGET_NAME)";
				SWIFT_VERSION = 5.0;
			};
			name = Debug;
		};
		4D37A7971A5B089600294894 /* Release */ = {
			isa = XCBuildConfiguration;
			buildSettings = {
				ASSETCATALOG_COMPILER_APPICON_NAME = AppIcon;
				INFOPLIST_FILE = PickYourPitch/Info.plist;
				LD_RUNPATH_SEARCH_PATHS = "$(inherited) @executable_path/Frameworks";
				PRODUCT_BUNDLE_IDENTIFIER = "UD.$(PRODUCT_NAME:rfc1034identifier)";
				PRODUCT_NAME = "$(TARGET_NAME)";
				SWIFT_OPTIMIZATION_LEVEL = "-Owholemodule";
				SWIFT_VERSION = 5.0;
			};
			name = Release;
		};
/* End XCBuildConfiguration section */

/* Begin XCConfigurationList section */
		4D37A7711A5B089600294894 /* Build configuration list for PBXProject "PickYourPitch" */ = {
			isa = XCConfigurationList;
			buildConfigurations = (
				4D37A7931A5B089600294894 /* Debug */,
				4D37A7941A5B089600294894 /* Release */,
			);
			defaultConfigurationIsVisible = 0;
			defaultConfigurationName = Release;
		};
		4D37A7951A5B089600294894 /* Build configuration list for PBXNativeTarget "PickYourPitch" */ = {
			isa = XCConfigurationList;
			buildConfigurations = (
				4D37A7961A5B089600294894 /* Debug */,
				4D37A7971A5B089600294894 /* Release */,
			);
			defaultConfigurationIsVisible = 0;
			defaultConfigurationName = Release;
		};
/* End XCConfigurationList section */
	};
	rootObject = 4D37A76E1A5B089600294894 /* Project object */;
}
