// !$*UTF8*$!
{
	archiveVersion = 1;
	classes = {
	};
	objectVersion = 46;
	objects = {

/* Begin PBXBuildFile section */
		A934F3CE1D36A4B5000625CA /* LaunchScreen.xib in Resources */ = {isa = PBXBuildFile; fileRef = A934F3CC1D36A4B5000625CA /* LaunchScreen.xib */; };
		A9AECDB61D36CA340051289E /* Model.xcdatamodeld in Sources */ = {isa = PBXBuildFile; fileRef = A9AECDB41D36CA340051289E /* Model.xcdatamodeld */; };
		ED9E071B1C90F369004C22C1 /* AppDelegate.swift in Sources */ = {isa = PBXBuildFile; fileRef = ED9E071A1C90F369004C22C1 /* AppDelegate.swift */; };
		ED9E071D1C90F369004C22C1 /* ViewController.swift in Sources */ = {isa = PBXBuildFile; fileRef = ED9E071C1C90F369004C22C1 /* ViewController.swift */; };
		ED9E07201C90F369004C22C1 /* Main.storyboard in Resources */ = {isa = PBXBuildFile; fileRef = ED9E071E1C90F369004C22C1 /* Main.storyboard */; };
		ED9E07221C90F369004C22C1 /* Assets.xcassets in Resources */ = {isa = PBXBuildFile; fileRef = ED9E07211C90F369004C22C1 /* Assets.xcassets */; };
/* End PBXBuildFile section */

/* Begin PBXFileReference section */
		A934F3CD1D36A4B5000625CA /* Base */ = {isa = PBXFileReference; lastKnownFileType = file.xib; name = Base; path = Base.lproj/LaunchScreen.xib; sourceTree = "<group>"; };
		A9AECDB51D36CA340051289E /* Model.xcdatamodel */ = {isa = PBXFileReference; lastKnownFileType = wrapper.xcdatamodel; path = Model.xcdatamodel; sourceTree = "<group>"; };
		ED9E07171C90F369004C22C1 /* CoolNotes.app */ = {isa = PBXFileReference; explicitFileType = wrapper.application; includeInIndex = 0; path = CoolNotes.app; sourceTree = BUILT_PRODUCTS_DIR; };
		ED9E071A1C90F369004C22C1 /* AppDelegate.swift */ = {isa = PBXFileReference; lastKnownFileType = sourcecode.swift; path = AppDelegate.swift; sourceTree = "<group>"; };
		ED9E071C1C90F369004C22C1 /* ViewController.swift */ = {isa = PBXFileReference; lastKnownFileType = sourcecode.swift; path = ViewController.swift; sourceTree = "<group>"; };
		ED9E071F1C90F369004C22C1 /* Base */ = {isa = PBXFileReference; lastKnownFileType = file.storyboard; name = Base; path = Base.lproj/Main.storyboard; sourceTree = "<group>"; };
		ED9E07211C90F369004C22C1 /* Assets.xcassets */ = {isa = PBXFileReference; lastKnownFileType = folder.assetcatalog; path = Assets.xcassets; sourceTree = "<group>"; };
		ED9E07261C90F369004C22C1 /* Info.plist */ = {isa = PBXFileReference; lastKnownFileType = text.plist.xml; path = Info.plist; sourceTree = "<group>"; };
/* End PBXFileReference section */

/* Begin PBXFrameworksBuildPhase section */
		ED9E07141C90F369004C22C1 /* Frameworks */ = {
			isa = PBXFrameworksBuildPhase;
			buildActionMask = 2147483647;
			files = (
			);
			runOnlyForDeploymentPostprocessing = 0;
		};
/* End PBXFrameworksBuildPhase section */

/* Begin PBXGroup section */
		A934F3CF1D36A4BD000625CA /* Assets */ = {
			isa = PBXGroup;
			children = (
				ED9E071E1C90F369004C22C1 /* Main.storyboard */,
				A934F3CC1D36A4B5000625CA /* LaunchScreen.xib */,
				ED9E07211C90F369004C22C1 /* Assets.xcassets */,
			);
			name = Assets;
			sourceTree = "<group>";
		};
		A934F3D01D36A4C7000625CA /* Supporting Files */ = {
			isa = PBXGroup;
			children = (
				ED9E07261C90F369004C22C1 /* Info.plist */,
			);
			name = "Supporting Files";
			sourceTree = "<group>";
		};
		ED9E070E1C90F369004C22C1 = {
			isa = PBXGroup;
			children = (
				ED9E07191C90F369004C22C1 /* CoolNotes */,
				ED9E07181C90F369004C22C1 /* Products */,
			);
			sourceTree = "<group>";
		};
		ED9E07181C90F369004C22C1 /* Products */ = {
			isa = PBXGroup;
			children = (
				ED9E07171C90F369004C22C1 /* CoolNotes.app */,
			);
			name = Products;
			sourceTree = "<group>";
		};
		ED9E07191C90F369004C22C1 /* CoolNotes */ = {
			isa = PBXGroup;
			children = (
				ED9E071A1C90F369004C22C1 /* AppDelegate.swift */,
				ED9E071C1C90F369004C22C1 /* ViewController.swift */,
				A9AECDB41D36CA340051289E /* Model.xcdatamodeld */,
				A934F3CF1D36A4BD000625CA /* Assets */,
				A934F3D01D36A4C7000625CA /* Supporting Files */,
			);
			path = CoolNotes;
			sourceTree = "<group>";
		};
/* End PBXGroup section */

/* Begin PBXNativeTarget section */
		ED9E07161C90F369004C22C1 /* CoolNotes */ = {
			isa = PBXNativeTarget;
			buildConfigurationList = ED9E07341C90F369004C22C1 /* Build configuration list for PBXNativeTarget "CoolNotes" */;
			buildPhases = (
				ED9E07131C90F369004C22C1 /* Sources */,
				ED9E07141C90F369004C22C1 /* Frameworks */,
				ED9E07151C90F369004C22C1 /* Resources */,
			);
			buildRules = (
			);
			dependencies = (
			);
			name = CoolNotes;
			productName = CoolNotes;
			productReference = ED9E07171C90F369004C22C1 /* CoolNotes.app */;
			productType = "com.apple.product-type.application";
		};
/* End PBXNativeTarget section */

/* Begin PBXProject section */
		ED9E070F1C90F369004C22C1 /* Project object */ = {
			isa = PBXProject;
			attributes = {
				LastSwiftUpdateCheck = 0730;
				LastUpgradeCheck = 0730;
				ORGANIZATIONNAME = udacity.com;
				TargetAttributes = {
					ED9E07161C90F369004C22C1 = {
						CreatedOnToolsVersion = 7.3;
						LastSwiftMigration = 0800;
					};
				};
			};
			buildConfigurationList = ED9E07121C90F369004C22C1 /* Build configuration list for PBXProject "CoolNotes" */;
			compatibilityVersion = "Xcode 3.2";
			developmentRegion = English;
			hasScannedForEncodings = 0;
			knownRegions = (
				en,
				Base,
			);
			mainGroup = ED9E070E1C90F369004C22C1;
			productRefGroup = ED9E07181C90F369004C22C1 /* Products */;
			projectDirPath = "";
			projectRoot = "";
			targets = (
				ED9E07161C90F369004C22C1 /* CoolNotes */,
			);
		};
/* End PBXProject section */

/* Begin PBXResourcesBuildPhase section */
		ED9E07151C90F369004C22C1 /* Resources */ = {
			isa = PBXResourcesBuildPhase;
			buildActionMask = 2147483647;
			files = (
				ED9E07221C90F369004C22C1 /* Assets.xcassets in Resources */,
				A934F3CE1D36A4B5000625CA /* LaunchScreen.xib in Resources */,
				ED9E07201C90F369004C22C1 /* Main.storyboard in Resources */,
			);
			runOnlyForDeploymentPostprocessing = 0;
		};
/* End PBXResourcesBuildPhase section */

/* Begin PBXSourcesBuildPhase section */
		ED9E07131C90F369004C22C1 /* Sources */ = {
			isa = PBXSourcesBuildPhase;
			buildActionMask = 2147483647;
			files = (
				ED9E071D1C90F369004C22C1 /* ViewController.swift in Sources */,
				ED9E071B1C90F369004C22C1 /* AppDelegate.swift in Sources */,
				A9AECDB61D36CA340051289E /* Model.xcdatamodeld in Sources */,
			);
			runOnlyForDeploymentPostprocessing = 0;
		};
/* End PBXSourcesBuildPhase section */

/* Begin PBXVariantGroup section */
		A934F3CC1D36A4B5000625CA /* LaunchScreen.xib */ = {
			isa = PBXVariantGroup;
			children = (
				A934F3CD1D36A4B5000625CA /* Base */,
			);
			name = LaunchScreen.xib;
			sourceTree = "<group>";
		};
		ED9E071E1C90F369004C22C1 /* Main.storyboard */ = {
			isa = PBXVariantGroup;
			children = (
				ED9E071F1C90F369004C22C1 /* Base */,
			);
			name = Main.storyboard;
			sourceTree = "<group>";
		};
/* End PBXVariantGroup section */

/* Begin XCBuildConfiguration section */
		ED9E07321C90F369004C22C1 /* Debug */ = {
			isa = XCBuildConfiguration;
			buildSettings = {
				ALWAYS_SEARCH_USER_PATHS = NO;
				CLANG_ANALYZER_NONNULL = YES;
				CLANG_CXX_LANGUAGE_STANDARD = "gnu++0x";
				CLANG_CXX_LIBRARY = "libc++";
				CLANG_ENABLE_MODULES = YES;
				CLANG_ENABLE_OBJC_ARC = YES;
				CLANG_WARN_BOOL_CONVERSION = YES;
				CLANG_WARN_CONSTANT_CONVERSION = YES;
				CLANG_WARN_DIRECT_OBJC_ISA_USAGE = YES_ERROR;
				CLANG_WARN_EMPTY_BODY = YES;
				CLANG_WARN_ENUM_CONVERSION = YES;
				CLANG_WARN_INT_CONVERSION = YES;
				CLANG_WARN_OBJC_ROOT_CLASS = YES_ERROR;
				CLANG_WARN_UNREACHABLE_CODE = YES;
				CLANG_WARN__DUPLICATE_METHOD_MATCH = YES;
				"CODE_SIGN_IDENTITY[sdk=iphoneos*]" = "iPhone Developer";
				COPY_PHASE_STRIP = NO;
				DEBUG_INFORMATION_FORMAT = dwarf;
				ENABLE_STRICT_OBJC_MSGSEND = YES;
				ENABLE_TESTABILITY = YES;
				GCC_C_LANGUAGE_STANDARD = gnu99;
				GCC_DYNAMIC_NO_PIC = NO;
				GCC_NO_COMMON_BLOCKS = YES;
				GCC_OPTIMIZATION_LEVEL = 0;
				GCC_PREPROCESSOR_DEFINITIONS = (
					"DEBUG=1",
					"$(inherited)",
				);
				GCC_WARN_64_TO_32_BIT_CONVERSION = YES;
				GCC_WARN_ABOUT_RETURN_TYPE = YES_ERROR;
				GCC_WARN_UNDECLARED_SELECTOR = YES;
				GCC_WARN_UNINITIALIZED_AUTOS = YES_AGGRESSIVE;
				GCC_WARN_UNUSED_FUNCTION = YES;
				GCC_WARN_UNUSED_VARIABLE = YES;
				IPHONEOS_DEPLOYMENT_TARGET = 9.3;
				MTL_ENABLE_DEBUG_INFO = YES;
				ONLY_ACTIVE_ARCH = YES;
				SDKROOT = iphoneos;
				SWIFT_OPTIMIZATION_LEVEL = "-Onone";
			};
			name = Debug;
		};
		ED9E07331C90F369004C22C1 /* Release */ = {
			isa = XCBuildConfiguration;
			buildSettings = {
				ALWAYS_SEARCH_USER_PATHS = NO;
				CLANG_ANALYZER_NONNULL = YES;
				CLANG_CXX_LANGUAGE_STANDARD = "gnu++0x";
				CLANG_CXX_LIBRARY = "libc++";
				CLANG_ENABLE_MODULES = YES;
				CLANG_ENABLE_OBJC_ARC = YES;
				CLANG_WARN_BOOL_CONVERSION = YES;
				CLANG_WARN_CONSTANT_CONVERSION = YES;
				CLANG_WARN_DIRECT_OBJC_ISA_USAGE = YES_ERROR;
				CLANG_WARN_EMPTY_BODY = YES;
				CLANG_WARN_ENUM_CONVERSION = YES;
				CLANG_WARN_INT_CONVERSION = YES;
				CLANG_WARN_OBJC_ROOT_CLASS = YES_ERROR;
				CLANG_WARN_UNREACHABLE_CODE = YES;
				CLANG_WARN__DUPLICATE_METHOD_MATCH = YES;
				"CODE_SIGN_IDENTITY[sdk=iphoneos*]" = "iPhone Developer";
				COPY_PHASE_STRIP = NO;
				DEBUG_INFORMATION_FORMAT = "dwarf-with-dsym";
				ENABLE_NS_ASSERTIONS = NO;
				ENABLE_STRICT_OBJC_MSGSEND = YES;
				GCC_C_LANGUAGE_STANDARD = gnu99;
				GCC_NO_COMMON_BLOCKS = YES;
				GCC_WARN_64_TO_32_BIT_CONVERSION = YES;
				GCC_WARN_ABOUT_RETURN_TYPE = YES_ERROR;
				GCC_WARN_UNDECLARED_SELECTOR = YES;
				GCC_WARN_UNINITIALIZED_AUTOS = YES_AGGRESSIVE;
				GCC_WARN_UNUSED_FUNCTION = YES;
				GCC_WARN_UNUSED_VARIABLE = YES;
				IPHONEOS_DEPLOYMENT_TARGET = 9.3;
				MTL_ENABLE_DEBUG_INFO = NO;
				SDKROOT = iphoneos;
				VALIDATE_PRODUCT = YES;
			};
			name = Release;
		};
		ED9E07351C90F369004C22C1 /* Debug */ = {
			isa = XCBuildConfiguration;
			buildSettings = {
				ASSETCATALOG_COMPILER_APPICON_NAME = AppIcon;
				INFOPLIST_FILE = CoolNotes/Info.plist;
				LD_RUNPATH_SEARCH_PATHS = "$(inherited) @executable_path/Frameworks";
				PRODUCT_BUNDLE_IDENTIFIER = com.udacity.CoolNotes;
				PRODUCT_NAME = "$(TARGET_NAME)";
				SWIFT_VERSION = 2.3;
			};
			name = Debug;
		};
		ED9E07361C90F369004C22C1 /* Release */ = {
			isa = XCBuildConfiguration;
			buildSettings = {
				ASSETCATALOG_COMPILER_APPICON_NAME = AppIcon;
				INFOPLIST_FILE = CoolNotes/Info.plist;
				LD_RUNPATH_SEARCH_PATHS = "$(inherited) @executable_path/Frameworks";
				PRODUCT_BUNDLE_IDENTIFIER = com.udacity.CoolNotes;
				PRODUCT_NAME = "$(TARGET_NAME)";
				SWIFT_VERSION = 2.3;
			};
			name = Release;
		};
/* End XCBuildConfiguration section */

/* Begin XCConfigurationList section */
		ED9E07121C90F369004C22C1 /* Build configuration list for PBXProject "CoolNotes" */ = {
			isa = XCConfigurationList;
			buildConfigurations = (
				ED9E07321C90F369004C22C1 /* Debug */,
				ED9E07331C90F369004C22C1 /* Release */,
			);
			defaultConfigurationIsVisible = 0;
			defaultConfigurationName = Release;
		};
		ED9E07341C90F369004C22C1 /* Build configuration list for PBXNativeTarget "CoolNotes" */ = {
			isa = XCConfigurationList;
			buildConfigurations = (
				ED9E07351C90F369004C22C1 /* Debug */,
				ED9E07361C90F369004C22C1 /* Release */,
			);
			defaultConfigurationIsVisible = 0;
			defaultConfigurationName = Release;
		};
/* End XCConfigurationList section */

/* Begin XCVersionGroup section */
		A9AECDB41D36CA340051289E /* Model.xcdatamodeld */ = {
			isa = XCVersionGroup;
			children = (
				A9AECDB51D36CA340051289E /* Model.xcdatamodel */,
			);
			currentVersion = A9AECDB51D36CA340051289E /* Model.xcdatamodel */;
			path = Model.xcdatamodeld;
			sourceTree = "<group>";
			versionGroupType = wrapper.xcdatamodel;
		};
/* End XCVersionGroup section */
	};
	rootObject = ED9E070F1C90F369004C22C1 /* Project object */;
}
